
Microsoft Visual Studio Solution File, Format Version 12.00
# Visual Studio Version 17
VisualStudioVersion = 17.2.32516.85
MinimumVisualStudioVersion = 10.0.40219.1
Project("{9A19103F-16F7-4668-BE54-9A1E7A4F7556}") = "EmployeeManagement", "EmployeeManagement\EmployeeManagement.csproj", "{B9B2A1ED-A7FA-4D45-9CA8-323C4B55BCB4}"
EndProject
Project("{9A19103F-16F7-4668-BE54-9A1E7A4F7556}") = "InternalTest", "InternalTest\InternalTest.csproj", "{993F08C7-B7E9-4F99-A733-0C9E2DC92FEB}"
EndProject
Project("{9A19103F-16F7-4668-BE54-9A1E7A4F7556}") = "OOP", "OOP\OOP.csproj", "{5148321C-FF0F-4817-AEDE-827AAB426F6D}"
EndProject
Project("{9A19103F-16F7-4668-BE54-9A1E7A4F7556}") = "ProjectOOP", "ProjectOOP\ProjectOOP.csproj", "{E0BD4E27-EAD5-4A5A-99A1-BD7BA0B64913}"
EndProject
Project("{9A19103F-16F7-4668-BE54-9A1E7A4F7556}") = "ProjectArray", "ProjectArray\ProjectArray.csproj", "{F1E1D335-2537-4A05-AB09-0F4C022DF2EF}"
EndProject
Project("{9A19103F-16F7-4668-BE54-9A1E7A4F7556}") = "ProjectLINQ", "ProjectLINQ\ProjectLINQ.csproj", "{C2030354-4CC4-4897-8F49-DB3E5B252837}"
EndProject
Project("{9A19103F-16F7-4668-BE54-9A1E7A4F7556}") = "EFCoreDBFirst", "EFCoreDBFirst\EFCoreDBFirst.csproj", "{FE680337-AEA0-40F6-9F91-51144C1D568A}"
EndProject
Project("{9A19103F-16F7-4668-BE54-9A1E7A4F7556}") = "EFCoreDBFirstExcercise", "EFCoreDBFirstExcercise\EFCoreDBFirstExcercise.csproj", "{2B340194-D0B2-40EC-801D-2B8CD64E51F2}"
EndProject
Project("{FAE04EC0-301F-11D3-BF4B-00C04F79EFBC}") = "EFCoreCodeFirst", "EFCoreCodeFirst\EFCoreCodeFirst.csproj", "{AE4D7D3E-1511-41F0-BD3F-45B3CE094027}"
EndProject
Global
	GlobalSection(SolutionConfigurationPlatforms) = preSolution
		Debug|Any CPU = Debug|Any CPU
		Release|Any CPU = Release|Any CPU
	EndGlobalSection
	GlobalSection(ProjectConfigurationPlatforms) = postSolution
		{B9B2A1ED-A7FA-4D45-9CA8-323C4B55BCB4}.Debug|Any CPU.ActiveCfg = Debug|Any CPU
		{B9B2A1ED-A7FA-4D45-9CA8-323C4B55BCB4}.Debug|Any CPU.Build.0 = Debug|Any CPU
		{B9B2A1ED-A7FA-4D45-9CA8-323C4B55BCB4}.Release|Any CPU.ActiveCfg = Release|Any CPU
		{B9B2A1ED-A7FA-4D45-9CA8-323C4B55BCB4}.Release|Any CPU.Build.0 = Release|Any CPU
		{993F08C7-B7E9-4F99-A733-0C9E2DC92FEB}.Debug|Any CPU.ActiveCfg = Debug|Any CPU
		{993F08C7-B7E9-4F99-A733-0C9E2DC92FEB}.Debug|Any CPU.Build.0 = Debug|Any CPU
		{993F08C7-B7E9-4F99-A733-0C9E2DC92FEB}.Release|Any CPU.ActiveCfg = Release|Any CPU
		{993F08C7-B7E9-4F99-A733-0C9E2DC92FEB}.Release|Any CPU.Build.0 = Release|Any CPU
		{5148321C-FF0F-4817-AEDE-827AAB426F6D}.Debug|Any CPU.ActiveCfg = Debug|Any CPU
		{5148321C-FF0F-4817-AEDE-827AAB426F6D}.Debug|Any CPU.Build.0 = Debug|Any CPU
		{5148321C-FF0F-4817-AEDE-827AAB426F6D}.Release|Any CPU.ActiveCfg = Release|Any CPU
		{5148321C-FF0F-4817-AEDE-827AAB426F6D}.Release|Any CPU.Build.0 = Release|Any CPU
		{E0BD4E27-EAD5-4A5A-99A1-BD7BA0B64913}.Debug|Any CPU.ActiveCfg = Debug|Any CPU
		{E0BD4E27-EAD5-4A5A-99A1-BD7BA0B64913}.Debug|Any CPU.Build.0 = Debug|Any CPU
		{E0BD4E27-EAD5-4A5A-99A1-BD7BA0B64913}.Release|Any CPU.ActiveCfg = Release|Any CPU
		{E0BD4E27-EAD5-4A5A-99A1-BD7BA0B64913}.Release|Any CPU.Build.0 = Release|Any CPU
		{F1E1D335-2537-4A05-AB09-0F4C022DF2EF}.Debug|Any CPU.ActiveCfg = Debug|Any CPU
		{F1E1D335-2537-4A05-AB09-0F4C022DF2EF}.Debug|Any CPU.Build.0 = Debug|Any CPU
		{F1E1D335-2537-4A05-AB09-0F4C022DF2EF}.Release|Any CPU.ActiveCfg = Release|Any CPU
		{F1E1D335-2537-4A05-AB09-0F4C022DF2EF}.Release|Any CPU.Build.0 = Release|Any CPU
		{C2030354-4CC4-4897-8F49-DB3E5B252837}.Debug|Any CPU.ActiveCfg = Debug|Any CPU
		{C2030354-4CC4-4897-8F49-DB3E5B252837}.Debug|Any CPU.Build.0 = Debug|Any CPU
		{C2030354-4CC4-4897-8F49-DB3E5B252837}.Release|Any CPU.ActiveCfg = Release|Any CPU
		{C2030354-4CC4-4897-8F49-DB3E5B252837}.Release|Any CPU.Build.0 = Release|Any CPU
		{FE680337-AEA0-40F6-9F91-51144C1D568A}.Debug|Any CPU.ActiveCfg = Debug|Any CPU
		{FE680337-AEA0-40F6-9F91-51144C1D568A}.Debug|Any CPU.Build.0 = Debug|Any CPU
		{FE680337-AEA0-40F6-9F91-51144C1D568A}.Release|Any CPU.ActiveCfg = Release|Any CPU
		{FE680337-AEA0-40F6-9F91-51144C1D568A}.Release|Any CPU.Build.0 = Release|Any CPU
		{2B340194-D0B2-40EC-801D-2B8CD64E51F2}.Debug|Any CPU.ActiveCfg = Debug|Any CPU
		{2B340194-D0B2-40EC-801D-2B8CD64E51F2}.Debug|Any CPU.Build.0 = Debug|Any CPU
		{2B340194-D0B2-40EC-801D-2B8CD64E51F2}.Release|Any CPU.ActiveCfg = Release|Any CPU
		{2B340194-D0B2-40EC-801D-2B8CD64E51F2}.Release|Any CPU.Build.0 = Release|Any CPU
		{AE4D7D3E-1511-41F0-BD3F-45B3CE094027}.Debug|Any CPU.ActiveCfg = Debug|Any CPU
		{AE4D7D3E-1511-41F0-BD3F-45B3CE094027}.Debug|Any CPU.Build.0 = Debug|Any CPU
		{AE4D7D3E-1511-41F0-BD3F-45B3CE094027}.Release|Any CPU.ActiveCfg = Release|Any CPU
		{AE4D7D3E-1511-41F0-BD3F-45B3CE094027}.Release|Any CPU.Build.0 = Release|Any CPU
	EndGlobalSection
	GlobalSection(SolutionProperties) = preSolution
		HideSolutionNode = FALSE
	EndGlobalSection
	GlobalSection(ExtensibilityGlobals) = postSolution
		SolutionGuid = {DE32EA91-9360-447D-B5A4-57C3B025F898}
	EndGlobalSection
EndGlobal
