
Microsoft Visual Studio Solution File, Format Version 12.00
# Visual Studio Version 17
VisualStudioVersion = 17.1.32328.378
MinimumVisualStudioVersion = 10.0.40219.1
Project("{9A19103F-16F7-4668-BE54-9A1E7A4F7556}") = "EmployeeManagement", "EmployeeManagement\EmployeeManagement.csproj", "{B9B2A1ED-A7FA-4D45-9CA8-323C4B55BCB4}"
EndProject
Project("{9A19103F-16F7-4668-BE54-9A1E7A4F7556}") = "InternalTest", "InternalTest\InternalTest.csproj", "{993F08C7-B7E9-4F99-A733-0C9E2DC92FEB}"
EndProject
Project("{9A19103F-16F7-4668-BE54-9A1E7A4F7556}") = "OOP", "OOP\OOP.csproj", "{5148321C-FF0F-4817-AEDE-827AAB426F6D}"
EndProject
Project("{FAE04EC0-301F-11D3-BF4B-00C04F79EFBC}") = "LearningArray", "LearningArray\LearningArray.csproj", "{6C7DD7DB-16FD-489A-A0AF-492BADAB96C3}"
EndProject
Global
	GlobalSection(SolutionConfigurationPlatforms) = preSolution
		Debug|Any CPU = Debug|Any CPU
		Release|Any CPU = Release|Any CPU
	EndGlobalSection
	GlobalSection(ProjectConfigurationPlatforms) = postSolution
		{B9B2A1ED-A7FA-4D45-9CA8-323C4B55BCB4}.Debug|Any CPU.ActiveCfg = Debug|Any CPU
		{B9B2A1ED-A7FA-4D45-9CA8-323C4B55BCB4}.Debug|Any CPU.Build.0 = Debug|Any CPU
		{B9B2A1ED-A7FA-4D45-9CA8-323C4B55BCB4}.Release|Any CPU.ActiveCfg = Release|Any CPU
		{B9B2A1ED-A7FA-4D45-9CA8-323C4B55BCB4}.Release|Any CPU.Build.0 = Release|Any CPU
		{993F08C7-B7E9-4F99-A733-0C9E2DC92FEB}.Debug|Any CPU.ActiveCfg = Debug|Any CPU
		{993F08C7-B7E9-4F99-A733-0C9E2DC92FEB}.Debug|Any CPU.Build.0 = Debug|Any CPU
		{993F08C7-B7E9-4F99-A733-0C9E2DC92FEB}.Release|Any CPU.ActiveCfg = Release|Any CPU
		{993F08C7-B7E9-4F99-A733-0C9E2DC92FEB}.Release|Any CPU.Build.0 = Release|Any CPU
		{5148321C-FF0F-4817-AEDE-827AAB426F6D}.Debug|Any CPU.ActiveCfg = Debug|Any CPU
		{5148321C-FF0F-4817-AEDE-827AAB426F6D}.Debug|Any CPU.Build.0 = Debug|Any CPU
		{5148321C-FF0F-4817-AEDE-827AAB426F6D}.Release|Any CPU.ActiveCfg = Release|Any CPU
		{5148321C-FF0F-4817-AEDE-827AAB426F6D}.Release|Any CPU.Build.0 = Release|Any CPU
		{6C7DD7DB-16FD-489A-A0AF-492BADAB96C3}.Debug|Any CPU.ActiveCfg = Debug|Any CPU
		{6C7DD7DB-16FD-489A-A0AF-492BADAB96C3}.Debug|Any CPU.Build.0 = Debug|Any CPU
		{6C7DD7DB-16FD-489A-A0AF-492BADAB96C3}.Release|Any CPU.ActiveCfg = Release|Any CPU
		{6C7DD7DB-16FD-489A-A0AF-492BADAB96C3}.Release|Any CPU.Build.0 = Release|Any CPU
	EndGlobalSection
	GlobalSection(SolutionProperties) = preSolution
		HideSolutionNode = FALSE
	EndGlobalSection
	GlobalSection(ExtensibilityGlobals) = postSolution
		SolutionGuid = {DE32EA91-9360-447D-B5A4-57C3B025F898}
	EndGlobalSection
EndGlobal
